// !$*UTF8*$!
{
	archiveVersion = 1;
	classes = {
	};
	objectVersion = 55;
	objects = {

/* Begin PBXBuildFile section */
		615A2B5728C1CBD600DAA76B /* SignUpView.swift in Sources */ = {isa = PBXBuildFile; fileRef = 615A2B5628C1CBD600DAA76B /* SignUpView.swift */; };
		615A2B5928C1CF9500DAA76B /* MainPageView.swift in Sources */ = {isa = PBXBuildFile; fileRef = 615A2B5828C1CF9400DAA76B /* MainPageView.swift */; };
		615A2B5D28C1D0B300DAA76B /* FeaturedItemView.swift in Sources */ = {isa = PBXBuildFile; fileRef = 615A2B5C28C1D0B300DAA76B /* FeaturedItemView.swift */; };
		615A2B5F28C1FB0100DAA76B /* HomeView.swift in Sources */ = {isa = PBXBuildFile; fileRef = 615A2B5E28C1FB0100DAA76B /* HomeView.swift */; };
		61E5761128C33D6E00724A68 /* MovieCarouselView.swift in Sources */ = {isa = PBXBuildFile; fileRef = 61E5761028C33D6E00724A68 /* MovieCarouselView.swift */; };
		61E5761328C33F6600724A68 /* MovieCardView.swift in Sources */ = {isa = PBXBuildFile; fileRef = 61E5761228C33F6600724A68 /* MovieCardView.swift */; };
		61E5761628C3460A00724A68 /* samples.json in Resources */ = {isa = PBXBuildFile; fileRef = 61E5761428C3433200724A68 /* samples.json */; };
		758D145C28BD3F39003A4BDC /* Home.swift in Sources */ = {isa = PBXBuildFile; fileRef = 758D145B28BD3F39003A4BDC /* Home.swift */; };
		758D145E28BD3F48003A4BDC /* NavigationBarLow.swift in Sources */ = {isa = PBXBuildFile; fileRef = 758D145D28BD3F48003A4BDC /* NavigationBarLow.swift */; };
		758D146028BD3F52003A4BDC /* NavigationBar.swift in Sources */ = {isa = PBXBuildFile; fileRef = 758D145F28BD3F52003A4BDC /* NavigationBar.swift */; };
		758D146228BD3F6A003A4BDC /* MovieRow.swift in Sources */ = {isa = PBXBuildFile; fileRef = 758D146128BD3F6A003A4BDC /* MovieRow.swift */; };
		758D146428BD3F71003A4BDC /* Movie.swift in Sources */ = {isa = PBXBuildFile; fileRef = 758D146328BD3F71003A4BDC /* Movie.swift */; };
		758D146628BD40A7003A4BDC /* MovieDetail.swift in Sources */ = {isa = PBXBuildFile; fileRef = 758D146528BD40A7003A4BDC /* MovieDetail.swift */; };
		758D146828BD40D9003A4BDC /* ModelData.swift in Sources */ = {isa = PBXBuildFile; fileRef = 758D146728BD40D9003A4BDC /* ModelData.swift */; };
		758D146B28BD41F8003A4BDC /* movies.json in Resources */ = {isa = PBXBuildFile; fileRef = 758D146A28BD41F8003A4BDC /* movies.json */; };
		758D146D28BD4201003A4BDC /* populars.json in Resources */ = {isa = PBXBuildFile; fileRef = 758D146C28BD4201003A4BDC /* populars.json */; };
		758D146F28BD420A003A4BDC /* asias.json in Resources */ = {isa = PBXBuildFile; fileRef = 758D146E28BD420A003A4BDC /* asias.json */; };
		758D147128BD4212003A4BDC /* tops.json in Resources */ = {isa = PBXBuildFile; fileRef = 758D147028BD4212003A4BDC /* tops.json */; };
		758D147328BD4219003A4BDC /* comingsoons.json in Resources */ = {isa = PBXBuildFile; fileRef = 758D147228BD4219003A4BDC /* comingsoons.json */; };
		758D147528BD4221003A4BDC /* users.json in Resources */ = {isa = PBXBuildFile; fileRef = 758D147428BD4221003A4BDC /* users.json */; };
		758D147728BD4F4E003A4BDC /* NavigationBar2.swift in Sources */ = {isa = PBXBuildFile; fileRef = 758D147628BD4F4E003A4BDC /* NavigationBar2.swift */; };
		7596C2F228BCEEEF00D559BE /* ImagePicker.swift in Sources */ = {isa = PBXBuildFile; fileRef = 7596C2F128BCEEEF00D559BE /* ImagePicker.swift */; };
		7596C2F428BCF1EF00D559BE /* GoogleService-Info.plist in Resources */ = {isa = PBXBuildFile; fileRef = 7596C2F328BCF1EF00D559BE /* GoogleService-Info.plist */; };
		7596C2F728BCFB1E00D559BE /* FirebaseAuth in Frameworks */ = {isa = PBXBuildFile; productRef = 7596C2F628BCFB1E00D559BE /* FirebaseAuth */; };
		7596C2F928BCFB1E00D559BE /* FirebaseFirestore in Frameworks */ = {isa = PBXBuildFile; productRef = 7596C2F828BCFB1E00D559BE /* FirebaseFirestore */; };
		7596C2FB28BCFB1E00D559BE /* FirebaseStorage in Frameworks */ = {isa = PBXBuildFile; productRef = 7596C2FA28BCFB1E00D559BE /* FirebaseStorage */; };
		7596C2FD28BD02EE00D559BE /* MainMessagesView.swift in Sources */ = {isa = PBXBuildFile; fileRef = 7596C2FC28BD02EE00D559BE /* MainMessagesView.swift */; };
		7596C30028BD03ED00D559BE /* FirebaseManager.swift in Sources */ = {isa = PBXBuildFile; fileRef = 7596C2FF28BD03ED00D559BE /* FirebaseManager.swift */; };
		7596C30328BD06C200D559BE /* SDWebImageSwiftUI in Frameworks */ = {isa = PBXBuildFile; productRef = 7596C30228BD06C200D559BE /* SDWebImageSwiftUI */; };
		7596C30628BD189000D559BE /* User.swift in Sources */ = {isa = PBXBuildFile; fileRef = 7596C30528BD189000D559BE /* User.swift */; };
		7596C30828BD18D400D559BE /* MainMessagesViewModel.swift in Sources */ = {isa = PBXBuildFile; fileRef = 7596C30728BD18D400D559BE /* MainMessagesViewModel.swift */; };
		7596C30B28BD238F00D559BE /* SplashScreenView.swift in Sources */ = {isa = PBXBuildFile; fileRef = 7596C30A28BD238F00D559BE /* SplashScreenView.swift */; };
		75B18A4C28BCE340000EBAB9 /* Netflix_CloneApp.swift in Sources */ = {isa = PBXBuildFile; fileRef = 75B18A4B28BCE340000EBAB9 /* Netflix_CloneApp.swift */; };
		75B18A5028BCE343000EBAB9 /* Assets.xcassets in Resources */ = {isa = PBXBuildFile; fileRef = 75B18A4F28BCE343000EBAB9 /* Assets.xcassets */; };
		75B18A5328BCE343000EBAB9 /* Preview Assets.xcassets in Resources */ = {isa = PBXBuildFile; fileRef = 75B18A5228BCE343000EBAB9 /* Preview Assets.xcassets */; };
		75B18A6228BCEBAF000EBAB9 /* LoginView.swift in Sources */ = {isa = PBXBuildFile; fileRef = 75B18A6128BCEBAF000EBAB9 /* LoginView.swift */; };
		75B4F9F028BE3C8F00494DD4 /* MovieList.swift in Sources */ = {isa = PBXBuildFile; fileRef = 75B4F9EF28BE3C8F00494DD4 /* MovieList.swift */; };
		75BC401F28C258D000AE4981 /* json.txt in Resources */ = {isa = PBXBuildFile; fileRef = 75BC401E28C258CF00AE4981 /* json.txt */; };
		75DAC65928C7B21F005F51B2 /* ComingSoonView.swift in Sources */ = {isa = PBXBuildFile; fileRef = 75DAC65828C7B21F005F51B2 /* ComingSoonView.swift */; };
		75DAC65D28C7B308005F51B2 /* VideoView.swift in Sources */ = {isa = PBXBuildFile; fileRef = 75DAC65C28C7B308005F51B2 /* VideoView.swift */; };
		75E94E6128BE2F7D0089507C /* ManageAccountView.swift in Sources */ = {isa = PBXBuildFile; fileRef = 75E94E6028BE2F7D0089507C /* ManageAccountView.swift */; };
		75E94E6328BE36120089507C /* ProfileSettingsView.swift in Sources */ = {isa = PBXBuildFile; fileRef = 75E94E6228BE36120089507C /* ProfileSettingsView.swift */; };
/* End PBXBuildFile section */

/* Begin PBXFileReference section */
		615A2B5628C1CBD600DAA76B /* SignUpView.swift */ = {isa = PBXFileReference; lastKnownFileType = sourcecode.swift; path = SignUpView.swift; sourceTree = "<group>"; };
		615A2B5828C1CF9400DAA76B /* MainPageView.swift */ = {isa = PBXFileReference; fileEncoding = 4; lastKnownFileType = sourcecode.swift; path = MainPageView.swift; sourceTree = "<group>"; };
		615A2B5C28C1D0B300DAA76B /* FeaturedItemView.swift */ = {isa = PBXFileReference; fileEncoding = 4; lastKnownFileType = sourcecode.swift; path = FeaturedItemView.swift; sourceTree = "<group>"; };
		615A2B5E28C1FB0100DAA76B /* HomeView.swift */ = {isa = PBXFileReference; lastKnownFileType = sourcecode.swift; path = HomeView.swift; sourceTree = "<group>"; };
		61E5761028C33D6E00724A68 /* MovieCarouselView.swift */ = {isa = PBXFileReference; lastKnownFileType = sourcecode.swift; path = MovieCarouselView.swift; sourceTree = "<group>"; };
		61E5761228C33F6600724A68 /* MovieCardView.swift */ = {isa = PBXFileReference; lastKnownFileType = sourcecode.swift; path = MovieCardView.swift; sourceTree = "<group>"; };
		61E5761428C3433200724A68 /* samples.json */ = {isa = PBXFileReference; lastKnownFileType = text.json; path = samples.json; sourceTree = "<group>"; };
		758D145B28BD3F39003A4BDC /* Home.swift */ = {isa = PBXFileReference; fileEncoding = 4; lastKnownFileType = sourcecode.swift; path = Home.swift; sourceTree = "<group>"; };
		758D145D28BD3F48003A4BDC /* NavigationBarLow.swift */ = {isa = PBXFileReference; fileEncoding = 4; lastKnownFileType = sourcecode.swift; path = NavigationBarLow.swift; sourceTree = "<group>"; };
		758D145F28BD3F52003A4BDC /* NavigationBar.swift */ = {isa = PBXFileReference; fileEncoding = 4; lastKnownFileType = sourcecode.swift; path = NavigationBar.swift; sourceTree = "<group>"; };
		758D146128BD3F6A003A4BDC /* MovieRow.swift */ = {isa = PBXFileReference; fileEncoding = 4; lastKnownFileType = sourcecode.swift; path = MovieRow.swift; sourceTree = "<group>"; };
		758D146328BD3F71003A4BDC /* Movie.swift */ = {isa = PBXFileReference; fileEncoding = 4; lastKnownFileType = sourcecode.swift; path = Movie.swift; sourceTree = "<group>"; };
		758D146528BD40A7003A4BDC /* MovieDetail.swift */ = {isa = PBXFileReference; fileEncoding = 4; lastKnownFileType = sourcecode.swift; path = MovieDetail.swift; sourceTree = "<group>"; };
		758D146728BD40D9003A4BDC /* ModelData.swift */ = {isa = PBXFileReference; fileEncoding = 4; lastKnownFileType = sourcecode.swift; path = ModelData.swift; sourceTree = "<group>"; };
		758D146A28BD41F8003A4BDC /* movies.json */ = {isa = PBXFileReference; fileEncoding = 4; lastKnownFileType = text.json; path = movies.json; sourceTree = "<group>"; };
		758D146C28BD4201003A4BDC /* populars.json */ = {isa = PBXFileReference; fileEncoding = 4; lastKnownFileType = text.json; path = populars.json; sourceTree = "<group>"; };
		758D146E28BD420A003A4BDC /* asias.json */ = {isa = PBXFileReference; fileEncoding = 4; lastKnownFileType = text.json; path = asias.json; sourceTree = "<group>"; };
		758D147028BD4212003A4BDC /* tops.json */ = {isa = PBXFileReference; fileEncoding = 4; lastKnownFileType = text.json; path = tops.json; sourceTree = "<group>"; };
		758D147228BD4219003A4BDC /* comingsoons.json */ = {isa = PBXFileReference; fileEncoding = 4; lastKnownFileType = text.json; path = comingsoons.json; sourceTree = "<group>"; };
		758D147428BD4221003A4BDC /* users.json */ = {isa = PBXFileReference; fileEncoding = 4; lastKnownFileType = text.json; path = users.json; sourceTree = "<group>"; };
		758D147628BD4F4E003A4BDC /* NavigationBar2.swift */ = {isa = PBXFileReference; lastKnownFileType = sourcecode.swift; path = NavigationBar2.swift; sourceTree = "<group>"; };
		7596C2F128BCEEEF00D559BE /* ImagePicker.swift */ = {isa = PBXFileReference; fileEncoding = 4; lastKnownFileType = sourcecode.swift; path = ImagePicker.swift; sourceTree = "<group>"; };
		7596C2F328BCF1EF00D559BE /* GoogleService-Info.plist */ = {isa = PBXFileReference; fileEncoding = 4; lastKnownFileType = text.plist.xml; path = "GoogleService-Info.plist"; sourceTree = "<group>"; };
		7596C2FC28BD02EE00D559BE /* MainMessagesView.swift */ = {isa = PBXFileReference; lastKnownFileType = sourcecode.swift; path = MainMessagesView.swift; sourceTree = "<group>"; };
		7596C2FF28BD03ED00D559BE /* FirebaseManager.swift */ = {isa = PBXFileReference; lastKnownFileType = sourcecode.swift; path = FirebaseManager.swift; sourceTree = "<group>"; };
		7596C30528BD189000D559BE /* User.swift */ = {isa = PBXFileReference; lastKnownFileType = sourcecode.swift; path = User.swift; sourceTree = "<group>"; };
		7596C30728BD18D400D559BE /* MainMessagesViewModel.swift */ = {isa = PBXFileReference; lastKnownFileType = sourcecode.swift; path = MainMessagesViewModel.swift; sourceTree = "<group>"; };
		7596C30A28BD238F00D559BE /* SplashScreenView.swift */ = {isa = PBXFileReference; lastKnownFileType = sourcecode.swift; path = SplashScreenView.swift; sourceTree = "<group>"; };
		75B18A4828BCE340000EBAB9 /* Netflix-Clone.app */ = {isa = PBXFileReference; explicitFileType = wrapper.application; includeInIndex = 0; path = "Netflix-Clone.app"; sourceTree = BUILT_PRODUCTS_DIR; };
		75B18A4B28BCE340000EBAB9 /* Netflix_CloneApp.swift */ = {isa = PBXFileReference; lastKnownFileType = sourcecode.swift; path = Netflix_CloneApp.swift; sourceTree = "<group>"; };
		75B18A4F28BCE343000EBAB9 /* Assets.xcassets */ = {isa = PBXFileReference; lastKnownFileType = folder.assetcatalog; path = Assets.xcassets; sourceTree = "<group>"; };
		75B18A5228BCE343000EBAB9 /* Preview Assets.xcassets */ = {isa = PBXFileReference; lastKnownFileType = folder.assetcatalog; path = "Preview Assets.xcassets"; sourceTree = "<group>"; };
		75B18A6128BCEBAF000EBAB9 /* LoginView.swift */ = {isa = PBXFileReference; fileEncoding = 4; lastKnownFileType = sourcecode.swift; path = LoginView.swift; sourceTree = "<group>"; };
		75B4F9EF28BE3C8F00494DD4 /* MovieList.swift */ = {isa = PBXFileReference; fileEncoding = 4; lastKnownFileType = sourcecode.swift; path = MovieList.swift; sourceTree = "<group>"; };
		75BC401E28C258CF00AE4981 /* json.txt */ = {isa = PBXFileReference; lastKnownFileType = text; path = json.txt; sourceTree = "<group>"; };
		75DAC65828C7B21F005F51B2 /* ComingSoonView.swift */ = {isa = PBXFileReference; lastKnownFileType = sourcecode.swift; path = ComingSoonView.swift; sourceTree = "<group>"; };
		75DAC65C28C7B308005F51B2 /* VideoView.swift */ = {isa = PBXFileReference; lastKnownFileType = sourcecode.swift; path = VideoView.swift; sourceTree = "<group>"; };
		75E94E6028BE2F7D0089507C /* ManageAccountView.swift */ = {isa = PBXFileReference; lastKnownFileType = sourcecode.swift; path = ManageAccountView.swift; sourceTree = "<group>"; };
		75E94E6228BE36120089507C /* ProfileSettingsView.swift */ = {isa = PBXFileReference; lastKnownFileType = sourcecode.swift; path = ProfileSettingsView.swift; sourceTree = "<group>"; };
/* End PBXFileReference section */

/* Begin PBXFrameworksBuildPhase section */
		75B18A4528BCE340000EBAB9 /* Frameworks */ = {
			isa = PBXFrameworksBuildPhase;
			buildActionMask = 2147483647;
			files = (
				7596C30328BD06C200D559BE /* SDWebImageSwiftUI in Frameworks */,
				7596C2F728BCFB1E00D559BE /* FirebaseAuth in Frameworks */,
				7596C2F928BCFB1E00D559BE /* FirebaseFirestore in Frameworks */,
				7596C2FB28BCFB1E00D559BE /* FirebaseStorage in Frameworks */,
			);
			runOnlyForDeploymentPostprocessing = 0;
		};
/* End PBXFrameworksBuildPhase section */

/* Begin PBXGroup section */
		758D146928BD41DF003A4BDC /* Resources */ = {
			isa = PBXGroup;
			children = (
				758D146E28BD420A003A4BDC /* asias.json */,
				758D147228BD4219003A4BDC /* comingsoons.json */,
				758D147428BD4221003A4BDC /* users.json */,
				758D146C28BD4201003A4BDC /* populars.json */,
				758D147028BD4212003A4BDC /* tops.json */,
				758D146A28BD41F8003A4BDC /* movies.json */,
				75BC401E28C258CF00AE4981 /* json.txt */,
				61E5761428C3433200724A68 /* samples.json */,
			);
			path = Resources;
			sourceTree = "<group>";
		};
		7596C2F028BCEED000D559BE /* Components */ = {
			isa = PBXGroup;
			children = (
				615A2B5C28C1D0B300DAA76B /* FeaturedItemView.swift */,
				758D146128BD3F6A003A4BDC /* MovieRow.swift */,
				758D145F28BD3F52003A4BDC /* NavigationBar.swift */,
				758D145D28BD3F48003A4BDC /* NavigationBarLow.swift */,
				7596C2F128BCEEEF00D559BE /* ImagePicker.swift */,
				758D147628BD4F4E003A4BDC /* NavigationBar2.swift */,
				61E5761028C33D6E00724A68 /* MovieCarouselView.swift */,
				61E5761228C33F6600724A68 /* MovieCardView.swift */,
			);
			path = Components;
			sourceTree = "<group>";
		};
		7596C2FE28BD03DD00D559BE /* Utils */ = {
			isa = PBXGroup;
			children = (
				7596C2FF28BD03ED00D559BE /* FirebaseManager.swift */,
			);
			path = Utils;
			sourceTree = "<group>";
		};
		7596C30428BD187500D559BE /* Model */ = {
			isa = PBXGroup;
			children = (
				758D146728BD40D9003A4BDC /* ModelData.swift */,
				758D146328BD3F71003A4BDC /* Movie.swift */,
				7596C30528BD189000D559BE /* User.swift */,
			);
			path = Model;
			sourceTree = "<group>";
		};
		7596C30928BD1C1000D559BE /* ViewModel */ = {
			isa = PBXGroup;
			children = (
				7596C30728BD18D400D559BE /* MainMessagesViewModel.swift */,
			);
			path = ViewModel;
			sourceTree = "<group>";
		};
		75B18A3F28BCE340000EBAB9 = {
			isa = PBXGroup;
			children = (
				75B18A4A28BCE340000EBAB9 /* Netflix-Clone */,
				75B18A4928BCE340000EBAB9 /* Products */,
			);
			sourceTree = "<group>";
		};
		75B18A4928BCE340000EBAB9 /* Products */ = {
			isa = PBXGroup;
			children = (
				75B18A4828BCE340000EBAB9 /* Netflix-Clone.app */,
			);
			name = Products;
			sourceTree = "<group>";
		};
		75B18A4A28BCE340000EBAB9 /* Netflix-Clone */ = {
			isa = PBXGroup;
			children = (
				758D146928BD41DF003A4BDC /* Resources */,
				7596C2F328BCF1EF00D559BE /* GoogleService-Info.plist */,
				7596C30928BD1C1000D559BE /* ViewModel */,
				7596C30428BD187500D559BE /* Model */,
				7596C2FE28BD03DD00D559BE /* Utils */,
				7596C2F028BCEED000D559BE /* Components */,
				75B18A5E28BCEADD000EBAB9 /* Views */,
				75B18A4B28BCE340000EBAB9 /* Netflix_CloneApp.swift */,
				75B18A4F28BCE343000EBAB9 /* Assets.xcassets */,
				75B18A5128BCE343000EBAB9 /* Preview Content */,
			);
			path = "Netflix-Clone";
			sourceTree = "<group>";
		};
		75B18A5128BCE343000EBAB9 /* Preview Content */ = {
			isa = PBXGroup;
			children = (
				75B18A5228BCE343000EBAB9 /* Preview Assets.xcassets */,
			);
			path = "Preview Content";
			sourceTree = "<group>";
		};
		75B18A5E28BCEADD000EBAB9 /* Views */ = {
			isa = PBXGroup;
			children = (
				615A2B5828C1CF9400DAA76B /* MainPageView.swift */,
				75B4F9EF28BE3C8F00494DD4 /* MovieList.swift */,
				758D146528BD40A7003A4BDC /* MovieDetail.swift */,
				758D145B28BD3F39003A4BDC /* Home.swift */,
				75B18A6128BCEBAF000EBAB9 /* LoginView.swift */,
				7596C2FC28BD02EE00D559BE /* MainMessagesView.swift */,
				7596C30A28BD238F00D559BE /* SplashScreenView.swift */,
				75E94E6028BE2F7D0089507C /* ManageAccountView.swift */,
				75E94E6228BE36120089507C /* ProfileSettingsView.swift */,
				615A2B5628C1CBD600DAA76B /* SignUpView.swift */,
				615A2B5E28C1FB0100DAA76B /* HomeView.swift */,
				75DAC65828C7B21F005F51B2 /* ComingSoonView.swift */,
				75DAC65C28C7B308005F51B2 /* VideoView.swift */,
			);
			path = Views;
			sourceTree = "<group>";
		};
/* End PBXGroup section */

/* Begin PBXNativeTarget section */
		75B18A4728BCE340000EBAB9 /* Netflix-Clone */ = {
			isa = PBXNativeTarget;
			buildConfigurationList = 75B18A5628BCE343000EBAB9 /* Build configuration list for PBXNativeTarget "Netflix-Clone" */;
			buildPhases = (
				75B18A4428BCE340000EBAB9 /* Sources */,
				75B18A4528BCE340000EBAB9 /* Frameworks */,
				75B18A4628BCE340000EBAB9 /* Resources */,
			);
			buildRules = (
			);
			dependencies = (
			);
			name = "Netflix-Clone";
			packageProductDependencies = (
				7596C2F628BCFB1E00D559BE /* FirebaseAuth */,
				7596C2F828BCFB1E00D559BE /* FirebaseFirestore */,
				7596C2FA28BCFB1E00D559BE /* FirebaseStorage */,
				7596C30228BD06C200D559BE /* SDWebImageSwiftUI */,
			);
			productName = "Netflix-Clone";
			productReference = 75B18A4828BCE340000EBAB9 /* Netflix-Clone.app */;
			productType = "com.apple.product-type.application";
		};
/* End PBXNativeTarget section */

/* Begin PBXProject section */
		75B18A4028BCE340000EBAB9 /* Project object */ = {
			isa = PBXProject;
			attributes = {
				BuildIndependentTargetsInParallel = 1;
				LastSwiftUpdateCheck = 1340;
				LastUpgradeCheck = 1340;
				TargetAttributes = {
					75B18A4728BCE340000EBAB9 = {
						CreatedOnToolsVersion = 13.4.1;
					};
				};
			};
			buildConfigurationList = 75B18A4328BCE340000EBAB9 /* Build configuration list for PBXProject "Netflix-Clone" */;
			compatibilityVersion = "Xcode 13.0";
			developmentRegion = en;
			hasScannedForEncodings = 0;
			knownRegions = (
				en,
				Base,
			);
			mainGroup = 75B18A3F28BCE340000EBAB9;
			packageReferences = (
				7596C2F528BCFB1E00D559BE /* XCRemoteSwiftPackageReference "firebase-ios-sdk" */,
				7596C30128BD06C200D559BE /* XCRemoteSwiftPackageReference "SDWebImageSwiftUI" */,
			);
			productRefGroup = 75B18A4928BCE340000EBAB9 /* Products */;
			projectDirPath = "";
			projectRoot = "";
			targets = (
				75B18A4728BCE340000EBAB9 /* Netflix-Clone */,
			);
		};
/* End PBXProject section */

/* Begin PBXResourcesBuildPhase section */
		75B18A4628BCE340000EBAB9 /* Resources */ = {
			isa = PBXResourcesBuildPhase;
			buildActionMask = 2147483647;
			files = (
				75B18A5328BCE343000EBAB9 /* Preview Assets.xcassets in Resources */,
				758D147128BD4212003A4BDC /* tops.json in Resources */,
				75B18A5028BCE343000EBAB9 /* Assets.xcassets in Resources */,
				758D147528BD4221003A4BDC /* users.json in Resources */,
				61E5761628C3460A00724A68 /* samples.json in Resources */,
				75BC401F28C258D000AE4981 /* json.txt in Resources */,
				758D146B28BD41F8003A4BDC /* movies.json in Resources */,
				758D146F28BD420A003A4BDC /* asias.json in Resources */,
				7596C2F428BCF1EF00D559BE /* GoogleService-Info.plist in Resources */,
				758D146D28BD4201003A4BDC /* populars.json in Resources */,
				758D147328BD4219003A4BDC /* comingsoons.json in Resources */,
			);
			runOnlyForDeploymentPostprocessing = 0;
		};
/* End PBXResourcesBuildPhase section */

/* Begin PBXSourcesBuildPhase section */
		75B18A4428BCE340000EBAB9 /* Sources */ = {
			isa = PBXSourcesBuildPhase;
			buildActionMask = 2147483647;
			files = (
				7596C30628BD189000D559BE /* User.swift in Sources */,
				758D146628BD40A7003A4BDC /* MovieDetail.swift in Sources */,
				758D146828BD40D9003A4BDC /* ModelData.swift in Sources */,
				758D146228BD3F6A003A4BDC /* MovieRow.swift in Sources */,
				615A2B5928C1CF9500DAA76B /* MainPageView.swift in Sources */,
				7596C2F228BCEEEF00D559BE /* ImagePicker.swift in Sources */,
				61E5761328C33F6600724A68 /* MovieCardView.swift in Sources */,
				7596C2FD28BD02EE00D559BE /* MainMessagesView.swift in Sources */,
				758D147728BD4F4E003A4BDC /* NavigationBar2.swift in Sources */,
				75E94E6128BE2F7D0089507C /* ManageAccountView.swift in Sources */,
				7596C30028BD03ED00D559BE /* FirebaseManager.swift in Sources */,
				758D145C28BD3F39003A4BDC /* Home.swift in Sources */,
				61E5761128C33D6E00724A68 /* MovieCarouselView.swift in Sources */,
				758D146028BD3F52003A4BDC /* NavigationBar.swift in Sources */,
				75B18A6228BCEBAF000EBAB9 /* LoginView.swift in Sources */,
				75DAC65D28C7B308005F51B2 /* VideoView.swift in Sources */,
				75B4F9F028BE3C8F00494DD4 /* MovieList.swift in Sources */,
				75DAC65928C7B21F005F51B2 /* ComingSoonView.swift in Sources */,
				758D146428BD3F71003A4BDC /* Movie.swift in Sources */,
				75B18A4C28BCE340000EBAB9 /* Netflix_CloneApp.swift in Sources */,
				7596C30828BD18D400D559BE /* MainMessagesViewModel.swift in Sources */,
				615A2B5728C1CBD600DAA76B /* SignUpView.swift in Sources */,
				75E94E6328BE36120089507C /* ProfileSettingsView.swift in Sources */,
				758D145E28BD3F48003A4BDC /* NavigationBarLow.swift in Sources */,
				7596C30B28BD238F00D559BE /* SplashScreenView.swift in Sources */,
				615A2B5F28C1FB0100DAA76B /* HomeView.swift in Sources */,
				615A2B5D28C1D0B300DAA76B /* FeaturedItemView.swift in Sources */,
			);
			runOnlyForDeploymentPostprocessing = 0;
		};
/* End PBXSourcesBuildPhase section */

/* Begin XCBuildConfiguration section */
		75B18A5428BCE343000EBAB9 /* Debug */ = {
			isa = XCBuildConfiguration;
			buildSettings = {
				ALWAYS_SEARCH_USER_PATHS = NO;
				CLANG_ANALYZER_NONNULL = YES;
				CLANG_ANALYZER_NUMBER_OBJECT_CONVERSION = YES_AGGRESSIVE;
				CLANG_CXX_LANGUAGE_STANDARD = "gnu++17";
				CLANG_ENABLE_MODULES = YES;
				CLANG_ENABLE_OBJC_ARC = YES;
				CLANG_ENABLE_OBJC_WEAK = YES;
				CLANG_WARN_BLOCK_CAPTURE_AUTORELEASING = YES;
				CLANG_WARN_BOOL_CONVERSION = YES;
				CLANG_WARN_COMMA = YES;
				CLANG_WARN_CONSTANT_CONVERSION = YES;
				CLANG_WARN_DEPRECATED_OBJC_IMPLEMENTATIONS = YES;
				CLANG_WARN_DIRECT_OBJC_ISA_USAGE = YES_ERROR;
				CLANG_WARN_DOCUMENTATION_COMMENTS = YES;
				CLANG_WARN_EMPTY_BODY = YES;
				CLANG_WARN_ENUM_CONVERSION = YES;
				CLANG_WARN_INFINITE_RECURSION = YES;
				CLANG_WARN_INT_CONVERSION = YES;
				CLANG_WARN_NON_LITERAL_NULL_CONVERSION = YES;
				CLANG_WARN_OBJC_IMPLICIT_RETAIN_SELF = YES;
				CLANG_WARN_OBJC_LITERAL_CONVERSION = YES;
				CLANG_WARN_OBJC_ROOT_CLASS = YES_ERROR;
				CLANG_WARN_QUOTED_INCLUDE_IN_FRAMEWORK_HEADER = YES;
				CLANG_WARN_RANGE_LOOP_ANALYSIS = YES;
				CLANG_WARN_STRICT_PROTOTYPES = YES;
				CLANG_WARN_SUSPICIOUS_MOVE = YES;
				CLANG_WARN_UNGUARDED_AVAILABILITY = YES_AGGRESSIVE;
				CLANG_WARN_UNREACHABLE_CODE = YES;
				CLANG_WARN__DUPLICATE_METHOD_MATCH = YES;
				COPY_PHASE_STRIP = NO;
				DEBUG_INFORMATION_FORMAT = dwarf;
				ENABLE_STRICT_OBJC_MSGSEND = YES;
				ENABLE_TESTABILITY = YES;
				GCC_C_LANGUAGE_STANDARD = gnu11;
				GCC_DYNAMIC_NO_PIC = NO;
				GCC_NO_COMMON_BLOCKS = YES;
				GCC_OPTIMIZATION_LEVEL = 0;
				GCC_PREPROCESSOR_DEFINITIONS = (
					"DEBUG=1",
					"$(inherited)",
				);
				GCC_WARN_64_TO_32_BIT_CONVERSION = YES;
				GCC_WARN_ABOUT_RETURN_TYPE = YES_ERROR;
				GCC_WARN_UNDECLARED_SELECTOR = YES;
				GCC_WARN_UNINITIALIZED_AUTOS = YES_AGGRESSIVE;
				GCC_WARN_UNUSED_FUNCTION = YES;
				GCC_WARN_UNUSED_VARIABLE = YES;
				IPHONEOS_DEPLOYMENT_TARGET = 15.5;
				MTL_ENABLE_DEBUG_INFO = INCLUDE_SOURCE;
				MTL_FAST_MATH = YES;
				ONLY_ACTIVE_ARCH = YES;
				SDKROOT = iphoneos;
				SWIFT_ACTIVE_COMPILATION_CONDITIONS = DEBUG;
				SWIFT_OPTIMIZATION_LEVEL = "-Onone";
			};
			name = Debug;
		};
		75B18A5528BCE343000EBAB9 /* Release */ = {
			isa = XCBuildConfiguration;
			buildSettings = {
				ALWAYS_SEARCH_USER_PATHS = NO;
				CLANG_ANALYZER_NONNULL = YES;
				CLANG_ANALYZER_NUMBER_OBJECT_CONVERSION = YES_AGGRESSIVE;
				CLANG_CXX_LANGUAGE_STANDARD = "gnu++17";
				CLANG_ENABLE_MODULES = YES;
				CLANG_ENABLE_OBJC_ARC = YES;
				CLANG_ENABLE_OBJC_WEAK = YES;
				CLANG_WARN_BLOCK_CAPTURE_AUTORELEASING = YES;
				CLANG_WARN_BOOL_CONVERSION = YES;
				CLANG_WARN_COMMA = YES;
				CLANG_WARN_CONSTANT_CONVERSION = YES;
				CLANG_WARN_DEPRECATED_OBJC_IMPLEMENTATIONS = YES;
				CLANG_WARN_DIRECT_OBJC_ISA_USAGE = YES_ERROR;
				CLANG_WARN_DOCUMENTATION_COMMENTS = YES;
				CLANG_WARN_EMPTY_BODY = YES;
				CLANG_WARN_ENUM_CONVERSION = YES;
				CLANG_WARN_INFINITE_RECURSION = YES;
				CLANG_WARN_INT_CONVERSION = YES;
				CLANG_WARN_NON_LITERAL_NULL_CONVERSION = YES;
				CLANG_WARN_OBJC_IMPLICIT_RETAIN_SELF = YES;
				CLANG_WARN_OBJC_LITERAL_CONVERSION = YES;
				CLANG_WARN_OBJC_ROOT_CLASS = YES_ERROR;
				CLANG_WARN_QUOTED_INCLUDE_IN_FRAMEWORK_HEADER = YES;
				CLANG_WARN_RANGE_LOOP_ANALYSIS = YES;
				CLANG_WARN_STRICT_PROTOTYPES = YES;
				CLANG_WARN_SUSPICIOUS_MOVE = YES;
				CLANG_WARN_UNGUARDED_AVAILABILITY = YES_AGGRESSIVE;
				CLANG_WARN_UNREACHABLE_CODE = YES;
				CLANG_WARN__DUPLICATE_METHOD_MATCH = YES;
				COPY_PHASE_STRIP = NO;
				DEBUG_INFORMATION_FORMAT = "dwarf-with-dsym";
				ENABLE_NS_ASSERTIONS = NO;
				ENABLE_STRICT_OBJC_MSGSEND = YES;
				GCC_C_LANGUAGE_STANDARD = gnu11;
				GCC_NO_COMMON_BLOCKS = YES;
				GCC_WARN_64_TO_32_BIT_CONVERSION = YES;
				GCC_WARN_ABOUT_RETURN_TYPE = YES_ERROR;
				GCC_WARN_UNDECLARED_SELECTOR = YES;
				GCC_WARN_UNINITIALIZED_AUTOS = YES_AGGRESSIVE;
				GCC_WARN_UNUSED_FUNCTION = YES;
				GCC_WARN_UNUSED_VARIABLE = YES;
				IPHONEOS_DEPLOYMENT_TARGET = 15.5;
				MTL_ENABLE_DEBUG_INFO = NO;
				MTL_FAST_MATH = YES;
				SDKROOT = iphoneos;
				SWIFT_COMPILATION_MODE = wholemodule;
				SWIFT_OPTIMIZATION_LEVEL = "-O";
				VALIDATE_PRODUCT = YES;
			};
			name = Release;
		};
		75B18A5728BCE343000EBAB9 /* Debug */ = {
			isa = XCBuildConfiguration;
			buildSettings = {
				ASSETCATALOG_COMPILER_APPICON_NAME = AppIcon;
				ASSETCATALOG_COMPILER_GLOBAL_ACCENT_COLOR_NAME = AccentColor;
				CODE_SIGN_STYLE = Automatic;
				CURRENT_PROJECT_VERSION = 1;
				DEVELOPMENT_ASSET_PATHS = "\"Netflix-Clone/Preview Content\"";
				DEVELOPMENT_TEAM = 9WXG65J3R6;
				ENABLE_PREVIEWS = YES;
				GENERATE_INFOPLIST_FILE = YES;
				INFOPLIST_KEY_UIApplicationSceneManifest_Generation = YES;
				INFOPLIST_KEY_UIApplicationSupportsIndirectInputEvents = YES;
				INFOPLIST_KEY_UILaunchScreen_Generation = YES;
				INFOPLIST_KEY_UISupportedInterfaceOrientations_iPad = "UIInterfaceOrientationPortrait UIInterfaceOrientationPortraitUpsideDown UIInterfaceOrientationLandscapeLeft UIInterfaceOrientationLandscapeRight";
				INFOPLIST_KEY_UISupportedInterfaceOrientations_iPhone = "UIInterfaceOrientationPortrait UIInterfaceOrientationLandscapeLeft UIInterfaceOrientationLandscapeRight";
				LD_RUNPATH_SEARCH_PATHS = (
					"$(inherited)",
					"@executable_path/Frameworks",
				);
				MARKETING_VERSION = 1.0;
				PRODUCT_BUNDLE_IDENTIFIER = "rmit.edu.Netflix-Clone";
				PRODUCT_NAME = "$(TARGET_NAME)";
				SWIFT_EMIT_LOC_STRINGS = YES;
				SWIFT_VERSION = 5.0;
				TARGETED_DEVICE_FAMILY = "1,2";
			};
			name = Debug;
		};
		75B18A5828BCE343000EBAB9 /* Release */ = {
			isa = XCBuildConfiguration;
			buildSettings = {
				ASSETCATALOG_COMPILER_APPICON_NAME = AppIcon;
				ASSETCATALOG_COMPILER_GLOBAL_ACCENT_COLOR_NAME = AccentColor;
				CODE_SIGN_STYLE = Automatic;
				CURRENT_PROJECT_VERSION = 1;
				DEVELOPMENT_ASSET_PATHS = "\"Netflix-Clone/Preview Content\"";
				DEVELOPMENT_TEAM = 9WXG65J3R6;
				ENABLE_PREVIEWS = YES;
				GENERATE_INFOPLIST_FILE = YES;
				INFOPLIST_KEY_UIApplicationSceneManifest_Generation = YES;
				INFOPLIST_KEY_UIApplicationSupportsIndirectInputEvents = YES;
				INFOPLIST_KEY_UILaunchScreen_Generation = YES;
				INFOPLIST_KEY_UISupportedInterfaceOrientations_iPad = "UIInterfaceOrientationPortrait UIInterfaceOrientationPortraitUpsideDown UIInterfaceOrientationLandscapeLeft UIInterfaceOrientationLandscapeRight";
				INFOPLIST_KEY_UISupportedInterfaceOrientations_iPhone = "UIInterfaceOrientationPortrait UIInterfaceOrientationLandscapeLeft UIInterfaceOrientationLandscapeRight";
				LD_RUNPATH_SEARCH_PATHS = (
					"$(inherited)",
					"@executable_path/Frameworks",
				);
				MARKETING_VERSION = 1.0;
				PRODUCT_BUNDLE_IDENTIFIER = "rmit.edu.Netflix-Clone";
				PRODUCT_NAME = "$(TARGET_NAME)";
				SWIFT_EMIT_LOC_STRINGS = YES;
				SWIFT_VERSION = 5.0;
				TARGETED_DEVICE_FAMILY = "1,2";
			};
			name = Release;
		};
/* End XCBuildConfiguration section */

/* Begin XCConfigurationList section */
		75B18A4328BCE340000EBAB9 /* Build configuration list for PBXProject "Netflix-Clone" */ = {
			isa = XCConfigurationList;
			buildConfigurations = (
				75B18A5428BCE343000EBAB9 /* Debug */,
				75B18A5528BCE343000EBAB9 /* Release */,
			);
			defaultConfigurationIsVisible = 0;
			defaultConfigurationName = Release;
		};
		75B18A5628BCE343000EBAB9 /* Build configuration list for PBXNativeTarget "Netflix-Clone" */ = {
			isa = XCConfigurationList;
			buildConfigurations = (
				75B18A5728BCE343000EBAB9 /* Debug */,
				75B18A5828BCE343000EBAB9 /* Release */,
			);
			defaultConfigurationIsVisible = 0;
			defaultConfigurationName = Release;
		};
/* End XCConfigurationList section */

/* Begin XCRemoteSwiftPackageReference section */
		7596C2F528BCFB1E00D559BE /* XCRemoteSwiftPackageReference "firebase-ios-sdk" */ = {
			isa = XCRemoteSwiftPackageReference;
			repositoryURL = "https://github.com/firebase/firebase-ios-sdk";
			requirement = {
				branch = master;
				kind = branch;
			};
		};
		7596C30128BD06C200D559BE /* XCRemoteSwiftPackageReference "SDWebImageSwiftUI" */ = {
			isa = XCRemoteSwiftPackageReference;
			repositoryURL = "https://github.com/SDWebImage/SDWebImageSwiftUI";
			requirement = {
				kind = upToNextMajorVersion;
				minimumVersion = 2.0.0;
			};
		};
/* End XCRemoteSwiftPackageReference section */

/* Begin XCSwiftPackageProductDependency section */
		7596C2F628BCFB1E00D559BE /* FirebaseAuth */ = {
			isa = XCSwiftPackageProductDependency;
			package = 7596C2F528BCFB1E00D559BE /* XCRemoteSwiftPackageReference "firebase-ios-sdk" */;
			productName = FirebaseAuth;
		};
		7596C2F828BCFB1E00D559BE /* FirebaseFirestore */ = {
			isa = XCSwiftPackageProductDependency;
			package = 7596C2F528BCFB1E00D559BE /* XCRemoteSwiftPackageReference "firebase-ios-sdk" */;
			productName = FirebaseFirestore;
		};
		7596C2FA28BCFB1E00D559BE /* FirebaseStorage */ = {
			isa = XCSwiftPackageProductDependency;
			package = 7596C2F528BCFB1E00D559BE /* XCRemoteSwiftPackageReference "firebase-ios-sdk" */;
			productName = FirebaseStorage;
		};
		7596C30228BD06C200D559BE /* SDWebImageSwiftUI */ = {
			isa = XCSwiftPackageProductDependency;
			package = 7596C30128BD06C200D559BE /* XCRemoteSwiftPackageReference "SDWebImageSwiftUI" */;
			productName = SDWebImageSwiftUI;
		};
/* End XCSwiftPackageProductDependency section */
	};
	rootObject = 75B18A4028BCE340000EBAB9 /* Project object */;
}
